
Microsoft Visual Studio Solution File, Format Version 12.00
# Visual Studio Version 16
VisualStudioVersion = 16.0.30105.148
MinimumVisualStudioVersion = 10.0.40219.1
Project("{FAE04EC0-301F-11D3-BF4B-00C04F79EFBC}") = "Lab07.Android", "Lab07\Lab07.Android\Lab07.Android.csproj", "{5ECB37EB-D855-4457-80A3-727AAF7437C8}"
EndProject
Project("{FAE04EC0-301F-11D3-BF4B-00C04F79EFBC}") = "Lab07.iOS", "Lab07\Lab07.iOS\Lab07.iOS.csproj", "{690C86BE-0367-4306-A3E2-1F5839EE36A0}"
EndProject
Project("{FAE04EC0-301F-11D3-BF4B-00C04F79EFBC}") = "Lab07", "Lab07\Lab07\Lab07.csproj", "{DD0DBA27-28A9-42FA-A77E-1EEDECD40199}"
EndProject
Global
	GlobalSection(SolutionConfigurationPlatforms) = preSolution
		Debug|Any CPU = Debug|Any CPU
		Debug|iPhone = Debug|iPhone
		Debug|iPhoneSimulator = Debug|iPhoneSimulator
		Release|Any CPU = Release|Any CPU
		Release|iPhone = Release|iPhone
		Release|iPhoneSimulator = Release|iPhoneSimulator
	EndGlobalSection
	GlobalSection(ProjectConfigurationPlatforms) = postSolution
		{5ECB37EB-D855-4457-80A3-727AAF7437C8}.Debug|Any CPU.ActiveCfg = Debug|Any CPU
		{5ECB37EB-D855-4457-80A3-727AAF7437C8}.Debug|Any CPU.Build.0 = Debug|Any CPU
		{5ECB37EB-D855-4457-80A3-727AAF7437C8}.Debug|Any CPU.Deploy.0 = Debug|Any CPU
		{5ECB37EB-D855-4457-80A3-727AAF7437C8}.Debug|iPhone.ActiveCfg = Debug|Any CPU
		{5ECB37EB-D855-4457-80A3-727AAF7437C8}.Debug|iPhone.Build.0 = Debug|Any CPU
		{5ECB37EB-D855-4457-80A3-727AAF7437C8}.Debug|iPhone.Deploy.0 = Debug|Any CPU
		{5ECB37EB-D855-4457-80A3-727AAF7437C8}.Debug|iPhoneSimulator.ActiveCfg = Debug|Any CPU
		{5ECB37EB-D855-4457-80A3-727AAF7437C8}.Debug|iPhoneSimulator.Build.0 = Debug|Any CPU
		{5ECB37EB-D855-4457-80A3-727AAF7437C8}.Debug|iPhoneSimulator.Deploy.0 = Debug|Any CPU
		{5ECB37EB-D855-4457-80A3-727AAF7437C8}.Release|Any CPU.ActiveCfg = Release|Any CPU
		{5ECB37EB-D855-4457-80A3-727AAF7437C8}.Release|Any CPU.Build.0 = Release|Any CPU
		{5ECB37EB-D855-4457-80A3-727AAF7437C8}.Release|Any CPU.Deploy.0 = Release|Any CPU
		{5ECB37EB-D855-4457-80A3-727AAF7437C8}.Release|iPhone.ActiveCfg = Release|Any CPU
		{5ECB37EB-D855-4457-80A3-727AAF7437C8}.Release|iPhone.Build.0 = Release|Any CPU
		{5ECB37EB-D855-4457-80A3-727AAF7437C8}.Release|iPhone.Deploy.0 = Release|Any CPU
		{5ECB37EB-D855-4457-80A3-727AAF7437C8}.Release|iPhoneSimulator.ActiveCfg = Release|Any CPU
		{5ECB37EB-D855-4457-80A3-727AAF7437C8}.Release|iPhoneSimulator.Build.0 = Release|Any CPU
		{5ECB37EB-D855-4457-80A3-727AAF7437C8}.Release|iPhoneSimulator.Deploy.0 = Release|Any CPU
		{690C86BE-0367-4306-A3E2-1F5839EE36A0}.Debug|Any CPU.ActiveCfg = Debug|iPhone
		{690C86BE-0367-4306-A3E2-1F5839EE36A0}.Debug|Any CPU.Build.0 = Debug|iPhone
		{690C86BE-0367-4306-A3E2-1F5839EE36A0}.Debug|Any CPU.Deploy.0 = Debug|iPhone
		{690C86BE-0367-4306-A3E2-1F5839EE36A0}.Debug|iPhone.ActiveCfg = Debug|iPhone
		{690C86BE-0367-4306-A3E2-1F5839EE36A0}.Debug|iPhone.Build.0 = Debug|iPhone
		{690C86BE-0367-4306-A3E2-1F5839EE36A0}.Debug|iPhone.Deploy.0 = Debug|iPhone
		{690C86BE-0367-4306-A3E2-1F5839EE36A0}.Debug|iPhoneSimulator.ActiveCfg = Debug|iPhoneSimulator
		{690C86BE-0367-4306-A3E2-1F5839EE36A0}.Debug|iPhoneSimulator.Build.0 = Debug|iPhoneSimulator
		{690C86BE-0367-4306-A3E2-1F5839EE36A0}.Debug|iPhoneSimulator.Deploy.0 = Debug|iPhoneSimulator
		{690C86BE-0367-4306-A3E2-1F5839EE36A0}.Release|Any CPU.ActiveCfg = Release|iPhone
		{690C86BE-0367-4306-A3E2-1F5839EE36A0}.Release|Any CPU.Build.0 = Release|iPhone
		{690C86BE-0367-4306-A3E2-1F5839EE36A0}.Release|Any CPU.Deploy.0 = Release|iPhone
		{690C86BE-0367-4306-A3E2-1F5839EE36A0}.Release|iPhone.ActiveCfg = Release|iPhone
		{690C86BE-0367-4306-A3E2-1F5839EE36A0}.Release|iPhone.Build.0 = Release|iPhone
		{690C86BE-0367-4306-A3E2-1F5839EE36A0}.Release|iPhone.Deploy.0 = Release|iPhone
		{690C86BE-0367-4306-A3E2-1F5839EE36A0}.Release|iPhoneSimulator.ActiveCfg = Release|iPhoneSimulator
		{690C86BE-0367-4306-A3E2-1F5839EE36A0}.Release|iPhoneSimulator.Build.0 = Release|iPhoneSimulator
		{690C86BE-0367-4306-A3E2-1F5839EE36A0}.Release|iPhoneSimulator.Deploy.0 = Release|iPhoneSimulator
		{DD0DBA27-28A9-42FA-A77E-1EEDECD40199}.Debug|Any CPU.ActiveCfg = Debug|Any CPU
		{DD0DBA27-28A9-42FA-A77E-1EEDECD40199}.Debug|Any CPU.Build.0 = Debug|Any CPU
		{DD0DBA27-28A9-42FA-A77E-1EEDECD40199}.Debug|Any CPU.Deploy.0 = Debug|Any CPU
		{DD0DBA27-28A9-42FA-A77E-1EEDECD40199}.Debug|iPhone.ActiveCfg = Debug|Any CPU
		{DD0DBA27-28A9-42FA-A77E-1EEDECD40199}.Debug|iPhone.Build.0 = Debug|Any CPU
		{DD0DBA27-28A9-42FA-A77E-1EEDECD40199}.Debug|iPhone.Deploy.0 = Debug|Any CPU
		{DD0DBA27-28A9-42FA-A77E-1EEDECD40199}.Debug|iPhoneSimulator.ActiveCfg = Debug|Any CPU
		{DD0DBA27-28A9-42FA-A77E-1EEDECD40199}.Debug|iPhoneSimulator.Build.0 = Debug|Any CPU
		{DD0DBA27-28A9-42FA-A77E-1EEDECD40199}.Debug|iPhoneSimulator.Deploy.0 = Debug|Any CPU
		{DD0DBA27-28A9-42FA-A77E-1EEDECD40199}.Release|Any CPU.ActiveCfg = Release|Any CPU
		{DD0DBA27-28A9-42FA-A77E-1EEDECD40199}.Release|Any CPU.Build.0 = Release|Any CPU
		{DD0DBA27-28A9-42FA-A77E-1EEDECD40199}.Release|Any CPU.Deploy.0 = Release|Any CPU
		{DD0DBA27-28A9-42FA-A77E-1EEDECD40199}.Release|iPhone.ActiveCfg = Release|Any CPU
		{DD0DBA27-28A9-42FA-A77E-1EEDECD40199}.Release|iPhone.Build.0 = Release|Any CPU
		{DD0DBA27-28A9-42FA-A77E-1EEDECD40199}.Release|iPhone.Deploy.0 = Release|Any CPU
		{DD0DBA27-28A9-42FA-A77E-1EEDECD40199}.Release|iPhoneSimulator.ActiveCfg = Release|Any CPU
		{DD0DBA27-28A9-42FA-A77E-1EEDECD40199}.Release|iPhoneSimulator.Build.0 = Release|Any CPU
		{DD0DBA27-28A9-42FA-A77E-1EEDECD40199}.Release|iPhoneSimulator.Deploy.0 = Release|Any CPU
	EndGlobalSection
	GlobalSection(SolutionProperties) = preSolution
		HideSolutionNode = FALSE
	EndGlobalSection
	GlobalSection(ExtensibilityGlobals) = postSolution
		SolutionGuid = {1E4D4D50-9E70-4920-AB33-526C99C1FB0C}
	EndGlobalSection
EndGlobal
